
Microsoft Visual Studio Solution File, Format Version 12.00
# Visual Studio Version 17
VisualStudioVersion = 17.14.36616.10 d17.14
MinimumVisualStudioVersion = 10.0.40219.1
Project("{FAE04EC0-301F-11D3-BF4B-00C04F79EFBC}") = "Calculator", "Calculator\Calculator.csproj", "{DA638F94-03CA-4C13-85C3-527B0ED2593D}"
EndProject
Global
	GlobalSection(SolutionConfigurationPlatforms) = preSolution
		Debug|Any CPU = Debug|Any CPU
		Release|Any CPU = Release|Any CPU
	EndGlobalSection
	GlobalSection(ProjectConfigurationPlatforms) = postSolution
		{DA638F94-03CA-4C13-85C3-527B0ED2593D}.Debug|Any CPU.ActiveCfg = Debug|Any CPU
		{DA638F94-03CA-4C13-85C3-527B0ED2593D}.Debug|Any CPU.Build.0 = Debug|Any CPU
		{DA638F94-03CA-4C13-85C3-527B0ED2593D}.Release|Any CPU.ActiveCfg = Release|Any CPU
		{DA638F94-03CA-4C13-85C3-527B0ED2593D}.Release|Any CPU.Build.0 = Release|Any CPU
	EndGlobalSection
	GlobalSection(SolutionProperties) = preSolution
		HideSolutionNode = FALSE
	EndGlobalSection
	GlobalSection(ExtensibilityGlobals) = postSolution
		SolutionGuid = {912C4FE0-4EED-4670-8FCD-F7B4ADCBB8E5}
	EndGlobalSection
EndGlobal
